
Microsoft Visual Studio Solution File, Format Version 12.00
# Visual Studio Version 16
VisualStudioVersion = 16.0.31702.278
MinimumVisualStudioVersion = 10.0.40219.1
Project("{FAE04EC0-301F-11D3-BF4B-00C04F79EFBC}") = "LinqApp", "LinqApp\LinqApp.csproj", "{4F035BDE-D157-45DF-AC66-54A562EFA567}"
EndProject
Global
	GlobalSection(SolutionConfigurationPlatforms) = preSolution
		Debug|Any CPU = Debug|Any CPU
		Release|Any CPU = Release|Any CPU
	EndGlobalSection
	GlobalSection(ProjectConfigurationPlatforms) = postSolution
		{4F035BDE-D157-45DF-AC66-54A562EFA567}.Debug|Any CPU.ActiveCfg = Debug|Any CPU
		{4F035BDE-D157-45DF-AC66-54A562EFA567}.Debug|Any CPU.Build.0 = Debug|Any CPU
		{4F035BDE-D157-45DF-AC66-54A562EFA567}.Release|Any CPU.ActiveCfg = Release|Any CPU
		{4F035BDE-D157-45DF-AC66-54A562EFA567}.Release|Any CPU.Build.0 = Release|Any CPU
	EndGlobalSection
	GlobalSection(SolutionProperties) = preSolution
		HideSolutionNode = FALSE
	EndGlobalSection
	GlobalSection(ExtensibilityGlobals) = postSolution
		SolutionGuid = {7A671E8D-7882-46E2-87FC-E9EAFAE0C01A}
	EndGlobalSection
EndGlobal
